// !$*UTF8*$!
{
	archiveVersion = 1;
	classes = {
	};
	objectVersion = 50;
	objects = {

/* Begin PBXBuildFile section */
		350B4D3C2105C3A100E0A50F /* AppDelegate.m in Sources */ = {isa = PBXBuildFile; fileRef = 350B4D3B2105C3A100E0A50F /* AppDelegate.m */; };
		350B4D3F2105C3A100E0A50F /* ViewController.m in Sources */ = {isa = PBXBuildFile; fileRef = 350B4D3E2105C3A100E0A50F /* ViewController.m */; };
		350B4D422105C3A100E0A50F /* Main.storyboard in Resources */ = {isa = PBXBuildFile; fileRef = 350B4D402105C3A100E0A50F /* Main.storyboard */; };
		350B4D442105C3A200E0A50F /* Assets.xcassets in Resources */ = {isa = PBXBuildFile; fileRef = 350B4D432105C3A200E0A50F /* Assets.xcassets */; };
		350B4D472105C3A200E0A50F /* LaunchScreen.storyboard in Resources */ = {isa = PBXBuildFile; fileRef = 350B4D452105C3A200E0A50F /* LaunchScreen.storyboard */; };
		350B4D4A2105C3A200E0A50F /* main.m in Sources */ = {isa = PBXBuildFile; fileRef = 350B4D492105C3A200E0A50F /* main.m */; };
		9B5AAD2A5E75725FD4A12BFF /* Pods_loginTest.framework in Frameworks */ = {isa = PBXBuildFile; fileRef = 1BF839EB641F65BF2766222E /* Pods_loginTest.framework */; };
/* End PBXBuildFile section */

/* Begin PBXFileReference section */
		1BF839EB641F65BF2766222E /* Pods_loginTest.framework */ = {isa = PBXFileReference; explicitFileType = wrapper.framework; includeInIndex = 0; path = Pods_loginTest.framework; sourceTree = BUILT_PRODUCTS_DIR; };
		350B4D372105C3A100E0A50F /* loginTest.app */ = {isa = PBXFileReference; explicitFileType = wrapper.application; includeInIndex = 0; path = loginTest.app; sourceTree = BUILT_PRODUCTS_DIR; };
		350B4D3A2105C3A100E0A50F /* AppDelegate.h */ = {isa = PBXFileReference; lastKnownFileType = sourcecode.c.h; path = AppDelegate.h; sourceTree = "<group>"; };
		350B4D3B2105C3A100E0A50F /* AppDelegate.m */ = {isa = PBXFileReference; lastKnownFileType = sourcecode.c.objc; path = AppDelegate.m; sourceTree = "<group>"; };
		350B4D3D2105C3A100E0A50F /* ViewController.h */ = {isa = PBXFileReference; lastKnownFileType = sourcecode.c.h; path = ViewController.h; sourceTree = "<group>"; };
		350B4D3E2105C3A100E0A50F /* ViewController.m */ = {isa = PBXFileReference; lastKnownFileType = sourcecode.c.objc; path = ViewController.m; sourceTree = "<group>"; };
		350B4D412105C3A100E0A50F /* Base */ = {isa = PBXFileReference; lastKnownFileType = file.storyboard; name = Base; path = Base.lproj/Main.storyboard; sourceTree = "<group>"; };
		350B4D432105C3A200E0A50F /* Assets.xcassets */ = {isa = PBXFileReference; lastKnownFileType = folder.assetcatalog; path = Assets.xcassets; sourceTree = "<group>"; };
		350B4D462105C3A200E0A50F /* Base */ = {isa = PBXFileReference; lastKnownFileType = file.storyboard; name = Base; path = Base.lproj/LaunchScreen.storyboard; sourceTree = "<group>"; };
		350B4D482105C3A200E0A50F /* Info.plist */ = {isa = PBXFileReference; lastKnownFileType = text.plist.xml; path = Info.plist; sourceTree = "<group>"; };
		350B4D492105C3A200E0A50F /* main.m */ = {isa = PBXFileReference; lastKnownFileType = sourcecode.c.objc; path = main.m; sourceTree = "<group>"; };
		6A1FE5E53A6BFC622A1B0BE9 /* Pods-loginTest.debug.xcconfig */ = {isa = PBXFileReference; includeInIndex = 1; lastKnownFileType = text.xcconfig; name = "Pods-loginTest.debug.xcconfig"; path = "Pods/Target Support Files/Pods-loginTest/Pods-loginTest.debug.xcconfig"; sourceTree = "<group>"; };
		B81FE0090F5EEE783A311F05 /* Pods-loginTest.release.xcconfig */ = {isa = PBXFileReference; includeInIndex = 1; lastKnownFileType = text.xcconfig; name = "Pods-loginTest.release.xcconfig"; path = "Pods/Target Support Files/Pods-loginTest/Pods-loginTest.release.xcconfig"; sourceTree = "<group>"; };
/* End PBXFileReference section */

/* Begin PBXFrameworksBuildPhase section */
		350B4D342105C3A100E0A50F /* Frameworks */ = {
			isa = PBXFrameworksBuildPhase;
			buildActionMask = 2147483647;
			files = (
				9B5AAD2A5E75725FD4A12BFF /* Pods_loginTest.framework in Frameworks */,
			);
			runOnlyForDeploymentPostprocessing = 0;
		};
/* End PBXFrameworksBuildPhase section */

/* Begin PBXGroup section */
		350B4D2E2105C3A000E0A50F = {
			isa = PBXGroup;
			children = (
				350B4D392105C3A100E0A50F /* loginTest */,
				350B4D382105C3A100E0A50F /* Products */,
				F39DB21AE6BDEEACD48D8B2C /* Pods */,
				82FB5205350BD4BF275D7CF1 /* Frameworks */,
			);
			sourceTree = "<group>";
		};
		350B4D382105C3A100E0A50F /* Products */ = {
			isa = PBXGroup;
			children = (
				350B4D372105C3A100E0A50F /* loginTest.app */,
			);
			name = Products;
			sourceTree = "<group>";
		};
		350B4D392105C3A100E0A50F /* loginTest */ = {
			isa = PBXGroup;
			children = (
				350B4D3A2105C3A100E0A50F /* AppDelegate.h */,
				350B4D3B2105C3A100E0A50F /* AppDelegate.m */,
				350B4D3D2105C3A100E0A50F /* ViewController.h */,
				350B4D3E2105C3A100E0A50F /* ViewController.m */,
				350B4D402105C3A100E0A50F /* Main.storyboard */,
				350B4D432105C3A200E0A50F /* Assets.xcassets */,
				350B4D452105C3A200E0A50F /* LaunchScreen.storyboard */,
				350B4D482105C3A200E0A50F /* Info.plist */,
				350B4D492105C3A200E0A50F /* main.m */,
			);
			path = loginTest;
			sourceTree = "<group>";
		};
		82FB5205350BD4BF275D7CF1 /* Frameworks */ = {
			isa = PBXGroup;
			children = (
				1BF839EB641F65BF2766222E /* Pods_loginTest.framework */,
			);
			name = Frameworks;
			sourceTree = "<group>";
		};
		F39DB21AE6BDEEACD48D8B2C /* Pods */ = {
			isa = PBXGroup;
			children = (
				6A1FE5E53A6BFC622A1B0BE9 /* Pods-loginTest.debug.xcconfig */,
				B81FE0090F5EEE783A311F05 /* Pods-loginTest.release.xcconfig */,
			);
			name = Pods;
			sourceTree = "<group>";
		};
/* End PBXGroup section */

/* Begin PBXNativeTarget section */
		350B4D362105C3A100E0A50F /* loginTest */ = {
			isa = PBXNativeTarget;
			buildConfigurationList = 350B4D4D2105C3A200E0A50F /* Build configuration list for PBXNativeTarget "loginTest" */;
			buildPhases = (
				6DE17E45347F39D35E60D64B /* [CP] Check Pods Manifest.lock */,
				350B4D332105C3A100E0A50F /* Sources */,
				350B4D342105C3A100E0A50F /* Frameworks */,
				350B4D352105C3A100E0A50F /* Resources */,
				B42A43DEDBFB680496451230 /* [CP] Embed Pods Frameworks */,
				20DB46C60136275D5008B2F0 /* [CP] Copy Pods Resources */,
			);
			buildRules = (
			);
			dependencies = (
			);
			name = loginTest;
			productName = loginTest;
			productReference = 350B4D372105C3A100E0A50F /* loginTest.app */;
			productType = "com.apple.product-type.application";
		};
/* End PBXNativeTarget section */

/* Begin PBXProject section */
		350B4D2F2105C3A000E0A50F /* Project object */ = {
			isa = PBXProject;
			attributes = {
				LastUpgradeCheck = 0940;
				ORGANIZATIONNAME = "Shenzhen Blood Link Medical Technology Co., Ltd.";
				TargetAttributes = {
					350B4D362105C3A100E0A50F = {
						CreatedOnToolsVersion = 9.4.1;
					};
				};
			};
			buildConfigurationList = 350B4D322105C3A000E0A50F /* Build configuration list for PBXProject "loginTest" */;
			compatibilityVersion = "Xcode 9.3";
			developmentRegion = en;
			hasScannedForEncodings = 0;
			knownRegions = (
				en,
				Base,
			);
			mainGroup = 350B4D2E2105C3A000E0A50F;
			productRefGroup = 350B4D382105C3A100E0A50F /* Products */;
			projectDirPath = "";
			projectRoot = "";
			targets = (
				350B4D362105C3A100E0A50F /* loginTest */,
			);
		};
/* End PBXProject section */

/* Begin PBXResourcesBuildPhase section */
		350B4D352105C3A100E0A50F /* Resources */ = {
			isa = PBXResourcesBuildPhase;
			buildActionMask = 2147483647;
			files = (
				350B4D472105C3A200E0A50F /* LaunchScreen.storyboard in Resources */,
				350B4D442105C3A200E0A50F /* Assets.xcassets in Resources */,
				350B4D422105C3A100E0A50F /* Main.storyboard in Resources */,
			);
			runOnlyForDeploymentPostprocessing = 0;
		};
/* End PBXResourcesBuildPhase section */

/* Begin PBXShellScriptBuildPhase section */
		20DB46C60136275D5008B2F0 /* [CP] Copy Pods Resources */ = {
			isa = PBXShellScriptBuildPhase;
			buildActionMask = 2147483647;
			files = (
			);
			inputPaths = (
			);
			name = "[CP] Copy Pods Resources";
			outputPaths = (
			);
			runOnlyForDeploymentPostprocessing = 0;
			shellPath = /bin/sh;
			shellScript = "\"${SRCROOT}/Pods/Target Support Files/Pods-loginTest/Pods-loginTest-resources.sh\"\n";
			showEnvVarsInLog = 0;
		};
		6DE17E45347F39D35E60D64B /* [CP] Check Pods Manifest.lock */ = {
			isa = PBXShellScriptBuildPhase;
			buildActionMask = 2147483647;
			files = (
			);
			inputPaths = (
				"${PODS_PODFILE_DIR_PATH}/Podfile.lock",
				"${PODS_ROOT}/Manifest.lock",
			);
			name = "[CP] Check Pods Manifest.lock";
			outputPaths = (
				"$(DERIVED_FILE_DIR)/Pods-loginTest-checkManifestLockResult.txt",
			);
			runOnlyForDeploymentPostprocessing = 0;
			shellPath = /bin/sh;
			shellScript = "diff \"${PODS_PODFILE_DIR_PATH}/Podfile.lock\" \"${PODS_ROOT}/Manifest.lock\" > /dev/null\nif [ $? != 0 ] ; then\n    # print error to STDERR\n    echo \"error: The sandbox is not in sync with the Podfile.lock. Run 'pod install' or update your CocoaPods installation.\" >&2\n    exit 1\nfi\n# This output is used by Xcode 'outputs' to avoid re-running this script phase.\necho \"SUCCESS\" > \"${SCRIPT_OUTPUT_FILE_0}\"\n";
			showEnvVarsInLog = 0;
		};
		B42A43DEDBFB680496451230 /* [CP] Embed Pods Frameworks */ = {
			isa = PBXShellScriptBuildPhase;
			buildActionMask = 2147483647;
			files = (
			);
			inputPaths = (
				"${SRCROOT}/Pods/Target Support Files/Pods-loginTest/Pods-loginTest-frameworks.sh",
				"${BUILT_PRODUCTS_DIR}/AFNetworking/AFNetworking.framework",
			);
			name = "[CP] Embed Pods Frameworks";
			outputPaths = (
				"${TARGET_BUILD_DIR}/${FRAMEWORKS_FOLDER_PATH}/AFNetworking.framework",
			);
			runOnlyForDeploymentPostprocessing = 0;
			shellPath = /bin/sh;
			shellScript = "\"${SRCROOT}/Pods/Target Support Files/Pods-loginTest/Pods-loginTest-frameworks.sh\"\n";
			showEnvVarsInLog = 0;
		};
/* End PBXShellScriptBuildPhase section */

/* Begin PBXSourcesBuildPhase section */
		350B4D332105C3A100E0A50F /* Sources */ = {
			isa = PBXSourcesBuildPhase;
			buildActionMask = 2147483647;
			files = (
				350B4D3F2105C3A100E0A50F /* ViewController.m in Sources */,
				350B4D4A2105C3A200E0A50F /* main.m in Sources */,
				350B4D3C2105C3A100E0A50F /* AppDelegate.m in Sources */,
			);
			runOnlyForDeploymentPostprocessing = 0;
		};
/* End PBXSourcesBuildPhase section */

/* Begin PBXVariantGroup section */
		350B4D402105C3A100E0A50F /* Main.storyboard */ = {
			isa = PBXVariantGroup;
			children = (
				350B4D412105C3A100E0A50F /* Base */,
			);
			name = Main.storyboard;
			sourceTree = "<group>";
		};
		350B4D452105C3A200E0A50F /* LaunchScreen.storyboard */ = {
			isa = PBXVariantGroup;
			children = (
				350B4D462105C3A200E0A50F /* Base */,
			);
			name = LaunchScreen.storyboard;
			sourceTree = "<group>";
		};
/* End PBXVariantGroup section */

/* Begin XCBuildConfiguration section */
		350B4D4B2105C3A200E0A50F /* Debug */ = {
			isa = XCBuildConfiguration;
			buildSettings = {
				ALWAYS_SEARCH_USER_PATHS = NO;
				CLANG_ANALYZER_NONNULL = YES;
				CLANG_ANALYZER_NUMBER_OBJECT_CONVERSION = YES_AGGRESSIVE;
				CLANG_CXX_LANGUAGE_STANDARD = "gnu++14";
				CLANG_CXX_LIBRARY = "libc++";
				CLANG_ENABLE_MODULES = YES;
				CLANG_ENABLE_OBJC_ARC = YES;
				CLANG_ENABLE_OBJC_WEAK = YES;
				CLANG_WARN_BLOCK_CAPTURE_AUTORELEASING = YES;
				CLANG_WARN_BOOL_CONVERSION = YES;
				CLANG_WARN_COMMA = YES;
				CLANG_WARN_CONSTANT_CONVERSION = YES;
				CLANG_WARN_DEPRECATED_OBJC_IMPLEMENTATIONS = YES;
				CLANG_WARN_DIRECT_OBJC_ISA_USAGE = YES_ERROR;
				CLANG_WARN_DOCUMENTATION_COMMENTS = YES;
				CLANG_WARN_EMPTY_BODY = YES;
				CLANG_WARN_ENUM_CONVERSION = YES;
				CLANG_WARN_INFINITE_RECURSION = YES;
				CLANG_WARN_INT_CONVERSION = YES;
				CLANG_WARN_NON_LITERAL_NULL_CONVERSION = YES;
				CLANG_WARN_OBJC_IMPLICIT_RETAIN_SELF = YES;
				CLANG_WARN_OBJC_LITERAL_CONVERSION = YES;
				CLANG_WARN_OBJC_ROOT_CLASS = YES_ERROR;
				CLANG_WARN_RANGE_LOOP_ANALYSIS = YES;
				CLANG_WARN_STRICT_PROTOTYPES = YES;
				CLANG_WARN_SUSPICIOUS_MOVE = YES;
				CLANG_WARN_UNGUARDED_AVAILABILITY = YES_AGGRESSIVE;
				CLANG_WARN_UNREACHABLE_CODE = YES;
				CLANG_WARN__DUPLICATE_METHOD_MATCH = YES;
				CODE_SIGN_IDENTITY = "iPhone Developer";
				COPY_PHASE_STRIP = NO;
				DEBUG_INFORMATION_FORMAT = dwarf;
				ENABLE_STRICT_OBJC_MSGSEND = YES;
				ENABLE_TESTABILITY = YES;
				GCC_C_LANGUAGE_STANDARD = gnu11;
				GCC_DYNAMIC_NO_PIC = NO;
				GCC_NO_COMMON_BLOCKS = YES;
				GCC_OPTIMIZATION_LEVEL = 0;
				GCC_PREPROCESSOR_DEFINITIONS = (
					"DEBUG=1",
					"$(inherited)",
				);
				GCC_WARN_64_TO_32_BIT_CONVERSION = YES;
				GCC_WARN_ABOUT_RETURN_TYPE = YES_ERROR;
				GCC_WARN_UNDECLARED_SELECTOR = YES;
				GCC_WARN_UNINITIALIZED_AUTOS = YES_AGGRESSIVE;
				GCC_WARN_UNUSED_FUNCTION = YES;
				GCC_WARN_UNUSED_VARIABLE = YES;
				IPHONEOS_DEPLOYMENT_TARGET = 11.4;
				MTL_ENABLE_DEBUG_INFO = YES;
				ONLY_ACTIVE_ARCH = YES;
				SDKROOT = iphoneos;
			};
			name = Debug;
		};
		350B4D4C2105C3A200E0A50F /* Release */ = {
			isa = XCBuildConfiguration;
			buildSettings = {
				ALWAYS_SEARCH_USER_PATHS = NO;
				CLANG_ANALYZER_NONNULL = YES;
				CLANG_ANALYZER_NUMBER_OBJECT_CONVERSION = YES_AGGRESSIVE;
				CLANG_CXX_LANGUAGE_STANDARD = "gnu++14";
				CLANG_CXX_LIBRARY = "libc++";
				CLANG_ENABLE_MODULES = YES;
				CLANG_ENABLE_OBJC_ARC = YES;
				CLANG_ENABLE_OBJC_WEAK = YES;
				CLANG_WARN_BLOCK_CAPTURE_AUTORELEASING = YES;
				CLANG_WARN_BOOL_CONVERSION = YES;
				CLANG_WARN_COMMA = YES;
				CLANG_WARN_CONSTANT_CONVERSION = YES;
				CLANG_WARN_DEPRECATED_OBJC_IMPLEMENTATIONS = YES;
				CLANG_WARN_DIRECT_OBJC_ISA_USAGE = YES_ERROR;
				CLANG_WARN_DOCUMENTATION_COMMENTS = YES;
				CLANG_WARN_EMPTY_BODY = YES;
				CLANG_WARN_ENUM_CONVERSION = YES;
				CLANG_WARN_INFINITE_RECURSION = YES;
				CLANG_WARN_INT_CONVERSION = YES;
				CLANG_WARN_NON_LITERAL_NULL_CONVERSION = YES;
				CLANG_WARN_OBJC_IMPLICIT_RETAIN_SELF = YES;
				CLANG_WARN_OBJC_LITERAL_CONVERSION = YES;
				CLANG_WARN_OBJC_ROOT_CLASS = YES_ERROR;
				CLANG_WARN_RANGE_LOOP_ANALYSIS = YES;
				CLANG_WARN_STRICT_PROTOTYPES = YES;
				CLANG_WARN_SUSPICIOUS_MOVE = YES;
				CLANG_WARN_UNGUARDED_AVAILABILITY = YES_AGGRESSIVE;
				CLANG_WARN_UNREACHABLE_CODE = YES;
				CLANG_WARN__DUPLICATE_METHOD_MATCH = YES;
				CODE_SIGN_IDENTITY = "iPhone Developer";
				COPY_PHASE_STRIP = NO;
				DEBUG_INFORMATION_FORMAT = "dwarf-with-dsym";
				ENABLE_NS_ASSERTIONS = NO;
				ENABLE_STRICT_OBJC_MSGSEND = YES;
				GCC_C_LANGUAGE_STANDARD = gnu11;
				GCC_NO_COMMON_BLOCKS = YES;
				GCC_WARN_64_TO_32_BIT_CONVERSION = YES;
				GCC_WARN_ABOUT_RETURN_TYPE = YES_ERROR;
				GCC_WARN_UNDECLARED_SELECTOR = YES;
				GCC_WARN_UNINITIALIZED_AUTOS = YES_AGGRESSIVE;
				GCC_WARN_UNUSED_FUNCTION = YES;
				GCC_WARN_UNUSED_VARIABLE = YES;
				IPHONEOS_DEPLOYMENT_TARGET = 11.4;
				MTL_ENABLE_DEBUG_INFO = NO;
				SDKROOT = iphoneos;
				VALIDATE_PRODUCT = YES;
			};
			name = Release;
		};
		350B4D4E2105C3A200E0A50F /* Debug */ = {
			isa = XCBuildConfiguration;
			baseConfigurationReference = 6A1FE5E53A6BFC622A1B0BE9 /* Pods-loginTest.debug.xcconfig */;
			buildSettings = {
				ASSETCATALOG_COMPILER_APPICON_NAME = AppIcon;
				CODE_SIGN_STYLE = Automatic;
				INFOPLIST_FILE = loginTest/Info.plist;
				LD_RUNPATH_SEARCH_PATHS = "$(inherited) @executable_path/Frameworks";
				PRODUCT_BUNDLE_IDENTIFIER = com.BloodLink..loginTest;
				PRODUCT_NAME = "$(TARGET_NAME)";
				TARGETED_DEVICE_FAMILY = "1,2";
			};
			name = Debug;
		};
		350B4D4F2105C3A200E0A50F /* Release */ = {
			isa = XCBuildConfiguration;
			baseConfigurationReference = B81FE0090F5EEE783A311F05 /* Pods-loginTest.release.xcconfig */;
			buildSettings = {
				ASSETCATALOG_COMPILER_APPICON_NAME = AppIcon;
				CODE_SIGN_STYLE = Automatic;
				INFOPLIST_FILE = loginTest/Info.plist;
				LD_RUNPATH_SEARCH_PATHS = "$(inherited) @executable_path/Frameworks";
				PRODUCT_BUNDLE_IDENTIFIER = com.BloodLink..loginTest;
				PRODUCT_NAME = "$(TARGET_NAME)";
				TARGETED_DEVICE_FAMILY = "1,2";
			};
			name = Release;
		};
/* End XCBuildConfiguration section */

/* Begin XCConfigurationList section */
		350B4D322105C3A000E0A50F /* Build configuration list for PBXProject "loginTest" */ = {
			isa = XCConfigurationList;
			buildConfigurations = (
				350B4D4B2105C3A200E0A50F /* Debug */,
				350B4D4C2105C3A200E0A50F /* Release */,
			);
			defaultConfigurationIsVisible = 0;
			defaultConfigurationName = Release;
		};
		350B4D4D2105C3A200E0A50F /* Build configuration list for PBXNativeTarget "loginTest" */ = {
			isa = XCConfigurationList;
			buildConfigurations = (
				350B4D4E2105C3A200E0A50F /* Debug */,
				350B4D4F2105C3A200E0A50F /* Release */,
			);
			defaultConfigurationIsVisible = 0;
			defaultConfigurationName = Release;
		};
/* End XCConfigurationList section */
	};
	rootObject = 350B4D2F2105C3A000E0A50F /* Project object */;
}
